
Microsoft Visual Studio Solution File, Format Version 12.00
# Visual Studio Version 17
VisualStudioVersion = 17.8.34525.116
MinimumVisualStudioVersion = 10.0.40219.1
Project("{FAE04EC0-301F-11D3-BF4B-00C04F79EFBC}") = "Modules_13.6.1", "..\Modules_13.6\Modules_13.6\Modules_13.6.1.csproj", "{46D75D9E-D370-42E3-B943-3E59E44F71F7}"
EndProject
Project("{FAE04EC0-301F-11D3-BF4B-00C04F79EFBC}") = "Modules_13.6.2", "..\Modules_13.6\Modules_13.6.2\Modules_13.6.2.csproj", "{8A2141C0-986F-492A-AFC4-A1BE4C851746}"
EndProject
Global
	GlobalSection(SolutionConfigurationPlatforms) = preSolution
		Debug|Any CPU = Debug|Any CPU
		Release|Any CPU = Release|Any CPU
	EndGlobalSection
	GlobalSection(ProjectConfigurationPlatforms) = postSolution
		{46D75D9E-D370-42E3-B943-3E59E44F71F7}.Debug|Any CPU.ActiveCfg = Debug|Any CPU
		{46D75D9E-D370-42E3-B943-3E59E44F71F7}.Debug|Any CPU.Build.0 = Debug|Any CPU
		{46D75D9E-D370-42E3-B943-3E59E44F71F7}.Release|Any CPU.ActiveCfg = Release|Any CPU
		{46D75D9E-D370-42E3-B943-3E59E44F71F7}.Release|Any CPU.Build.0 = Release|Any CPU
		{8A2141C0-986F-492A-AFC4-A1BE4C851746}.Debug|Any CPU.ActiveCfg = Debug|Any CPU
		{8A2141C0-986F-492A-AFC4-A1BE4C851746}.Debug|Any CPU.Build.0 = Debug|Any CPU
		{8A2141C0-986F-492A-AFC4-A1BE4C851746}.Release|Any CPU.ActiveCfg = Release|Any CPU
		{8A2141C0-986F-492A-AFC4-A1BE4C851746}.Release|Any CPU.Build.0 = Release|Any CPU
	EndGlobalSection
	GlobalSection(SolutionProperties) = preSolution
		HideSolutionNode = FALSE
	EndGlobalSection
	GlobalSection(ExtensibilityGlobals) = postSolution
		SolutionGuid = {BBA05FA4-2889-4D02-AA97-736394A9A048}
	EndGlobalSection
EndGlobal
